
Microsoft Visual Studio Solution File, Format Version 12.00
# Visual Studio 2012
Project("{FAE04EC0-301F-11D3-BF4B-00C04F79EFBC}") = "LABDI", "LABDI\LABDI.csproj", "{EF8CE223-1920-4744-9C67-CE94243DDF50}"
EndProject
Project("{FAE04EC0-301F-11D3-BF4B-00C04F79EFBC}") = "LABDI.Application", "LABDI.Application\LABDI.Application.csproj", "{72E0C120-FCAA-4F86-980E-BA509236B7DF}"
EndProject
Project("{FAE04EC0-301F-11D3-BF4B-00C04F79EFBC}") = "LABDI.Repository", "LABDI.Repository\LABDI.Repository.csproj", "{8296ED56-E890-431B-9E34-A7AB4FD0A54C}"
EndProject
Project("{FAE04EC0-301F-11D3-BF4B-00C04F79EFBC}") = "LABDI.Domain", "LABDI.Domain\LABDI.Domain.csproj", "{2824EB6A-0D98-4050-85CF-B46D7F679D61}"
EndProject
Project("{FAE04EC0-301F-11D3-BF4B-00C04F79EFBC}") = "LABDI.IoC", "LABDI.IoC\LABDI.IoC.csproj", "{5C246BE2-F33F-4FDD-9763-BE249D1C1B3A}"
EndProject
Project("{2150E333-8FDC-42A3-9474-1A3956D46DE8}") = "4-Infra", "4-Infra", "{D0F7D687-1F90-456C-A5FE-5A2F506C5523}"
EndProject
Project("{2150E333-8FDC-42A3-9474-1A3956D46DE8}") = "1-Client", "1-Client", "{556A2BEB-BE0F-4CBF-AFBC-0C66FAA33DF1}"
EndProject
Project("{2150E333-8FDC-42A3-9474-1A3956D46DE8}") = "2-Aplication", "2-Aplication", "{529FEBEC-CAF5-4A42-A7D4-43DCA5D9B29B}"
EndProject
Project("{2150E333-8FDC-42A3-9474-1A3956D46DE8}") = "3-Domain", "3-Domain", "{0B9D0623-5967-485B-A521-347D5A70118A}"
EndProject
Global
	GlobalSection(SolutionConfigurationPlatforms) = preSolution
		Debug|Any CPU = Debug|Any CPU
		Release|Any CPU = Release|Any CPU
	EndGlobalSection
	GlobalSection(ProjectConfigurationPlatforms) = postSolution
		{EF8CE223-1920-4744-9C67-CE94243DDF50}.Debug|Any CPU.ActiveCfg = Debug|Any CPU
		{EF8CE223-1920-4744-9C67-CE94243DDF50}.Debug|Any CPU.Build.0 = Debug|Any CPU
		{EF8CE223-1920-4744-9C67-CE94243DDF50}.Release|Any CPU.ActiveCfg = Release|Any CPU
		{EF8CE223-1920-4744-9C67-CE94243DDF50}.Release|Any CPU.Build.0 = Release|Any CPU
		{72E0C120-FCAA-4F86-980E-BA509236B7DF}.Debug|Any CPU.ActiveCfg = Debug|Any CPU
		{72E0C120-FCAA-4F86-980E-BA509236B7DF}.Debug|Any CPU.Build.0 = Debug|Any CPU
		{72E0C120-FCAA-4F86-980E-BA509236B7DF}.Release|Any CPU.ActiveCfg = Release|Any CPU
		{72E0C120-FCAA-4F86-980E-BA509236B7DF}.Release|Any CPU.Build.0 = Release|Any CPU
		{8296ED56-E890-431B-9E34-A7AB4FD0A54C}.Debug|Any CPU.ActiveCfg = Debug|Any CPU
		{8296ED56-E890-431B-9E34-A7AB4FD0A54C}.Debug|Any CPU.Build.0 = Debug|Any CPU
		{8296ED56-E890-431B-9E34-A7AB4FD0A54C}.Release|Any CPU.ActiveCfg = Release|Any CPU
		{8296ED56-E890-431B-9E34-A7AB4FD0A54C}.Release|Any CPU.Build.0 = Release|Any CPU
		{2824EB6A-0D98-4050-85CF-B46D7F679D61}.Debug|Any CPU.ActiveCfg = Debug|Any CPU
		{2824EB6A-0D98-4050-85CF-B46D7F679D61}.Debug|Any CPU.Build.0 = Debug|Any CPU
		{2824EB6A-0D98-4050-85CF-B46D7F679D61}.Release|Any CPU.ActiveCfg = Release|Any CPU
		{2824EB6A-0D98-4050-85CF-B46D7F679D61}.Release|Any CPU.Build.0 = Release|Any CPU
		{5C246BE2-F33F-4FDD-9763-BE249D1C1B3A}.Debug|Any CPU.ActiveCfg = Debug|Any CPU
		{5C246BE2-F33F-4FDD-9763-BE249D1C1B3A}.Debug|Any CPU.Build.0 = Debug|Any CPU
		{5C246BE2-F33F-4FDD-9763-BE249D1C1B3A}.Release|Any CPU.ActiveCfg = Release|Any CPU
		{5C246BE2-F33F-4FDD-9763-BE249D1C1B3A}.Release|Any CPU.Build.0 = Release|Any CPU
	EndGlobalSection
	GlobalSection(SolutionProperties) = preSolution
		HideSolutionNode = FALSE
	EndGlobalSection
	GlobalSection(NestedProjects) = preSolution
		{5C246BE2-F33F-4FDD-9763-BE249D1C1B3A} = {D0F7D687-1F90-456C-A5FE-5A2F506C5523}
		{8296ED56-E890-431B-9E34-A7AB4FD0A54C} = {D0F7D687-1F90-456C-A5FE-5A2F506C5523}
		{EF8CE223-1920-4744-9C67-CE94243DDF50} = {556A2BEB-BE0F-4CBF-AFBC-0C66FAA33DF1}
		{72E0C120-FCAA-4F86-980E-BA509236B7DF} = {529FEBEC-CAF5-4A42-A7D4-43DCA5D9B29B}
		{2824EB6A-0D98-4050-85CF-B46D7F679D61} = {0B9D0623-5967-485B-A521-347D5A70118A}
	EndGlobalSection
EndGlobal
